{
  "originHash" : "699c69d1c5c91fc14af71a7c0e846526c570ff854487f4866cea7b5caa49b7fe",
  "pins" : [
    {
      "identity" : "nvalert",
      "kind" : "remoteSourceControl",
      "location" : "https://github.com/nicoverbruggen/NVAlert",
      "state" : {
        "revision" : "1bbaad37697e4ad4c047eec2a8fc9834c2b5d98a",
        "version" : "2.0.0"
      }
    }
  ],
  "version" : 3
}
