{
  "originHash" : "7923969e58fdf4b069ff89f843ba2160f0590dd30de0375022fd8869ef14a17a",
  "pins" : [
    {
      "identity" : "nvalert",
      "kind" : "remoteSourceControl",
      "location" : "https://github.com/nicoverbruggen/NVAlert",
      "state" : {
        "revision" : "54400ed5cc7d8b0c1612d276c1f48dc21b7f4723",
        "version" : "2.1.0"
      }
    }
  ],
  "version" : 3
}
