{
  "originHash" : "9b4ccb40f5b67c615c9622a94fa0307993d0315f97ea72fdd8d171335e27cd64",
  "pins" : [
    {
      "identity" : "nvalert",
      "kind" : "remoteSourceControl",
      "location" : "https://github.com/nicoverbruggen/NVAlert",
      "state" : {
        "revision" : "8b1823a29708e51548e9e8e54526afb136da51b3",
        "version" : "2.2.0"
      }
    }
  ],
  "version" : 3
}
